// !$*UTF8*$!
{
	archiveVersion = 1;
	classes = {
	};
	objectVersion = 50;
	objects = {

/* Begin PBXBuildFile section */
		557346CD2320A9DC00870D48 /* LevelTwoViewController.swift in Sources */ = {isa = PBXBuildFile; fileRef = 557346CC2320A9DC00870D48 /* LevelTwoViewController.swift */; };
		5579699F22E3A45E00CD4EC4 /* AppDelegate.swift in Sources */ = {isa = PBXBuildFile; fileRef = 5579699E22E3A45E00CD4EC4 /* AppDelegate.swift */; };
		557969A122E3A45E00CD4EC4 /* LevelOneViewController.swift in Sources */ = {isa = PBXBuildFile; fileRef = 557969A022E3A45E00CD4EC4 /* LevelOneViewController.swift */; };
		557969A422E3A45E00CD4EC4 /* Main.storyboard in Resources */ = {isa = PBXBuildFile; fileRef = 557969A222E3A45E00CD4EC4 /* Main.storyboard */; };
		557969A622E3A46000CD4EC4 /* Assets.xcassets in Resources */ = {isa = PBXBuildFile; fileRef = 557969A522E3A46000CD4EC4 /* Assets.xcassets */; };
		557969A922E3A46000CD4EC4 /* LaunchScreen.storyboard in Resources */ = {isa = PBXBuildFile; fileRef = 557969A722E3A46000CD4EC4 /* LaunchScreen.storyboard */; };
		55A0FDE0235EB70A00B78B0C /* Interface.storyboard in Resources */ = {isa = PBXBuildFile; fileRef = 55A0FDDE235EB70A00B78B0C /* Interface.storyboard */; };
		55A0FDE2235EB70D00B78B0C /* Assets.xcassets in Resources */ = {isa = PBXBuildFile; fileRef = 55A0FDE1235EB70D00B78B0C /* Assets.xcassets */; };
		55A0FDE9235EB70E00B78B0C /* iBox Watch Extension.appex in Embed App Extensions */ = {isa = PBXBuildFile; fileRef = 55A0FDE8235EB70E00B78B0C /* iBox Watch Extension.appex */; settings = {ATTRIBUTES = (RemoveHeadersOnCopy, ); }; };
		55A0FDEE235EB70E00B78B0C /* InterfaceController.swift in Sources */ = {isa = PBXBuildFile; fileRef = 55A0FDED235EB70E00B78B0C /* InterfaceController.swift */; };
		55A0FDF0235EB70E00B78B0C /* ExtensionDelegate.swift in Sources */ = {isa = PBXBuildFile; fileRef = 55A0FDEF235EB70E00B78B0C /* ExtensionDelegate.swift */; };
		55A0FDF2235EB70E00B78B0C /* NotificationController.swift in Sources */ = {isa = PBXBuildFile; fileRef = 55A0FDF1235EB70E00B78B0C /* NotificationController.swift */; };
		55A0FDF4235EB70E00B78B0C /* ComplicationController.swift in Sources */ = {isa = PBXBuildFile; fileRef = 55A0FDF3235EB70E00B78B0C /* ComplicationController.swift */; };
		55A0FDF6235EB70E00B78B0C /* Assets.xcassets in Resources */ = {isa = PBXBuildFile; fileRef = 55A0FDF5235EB70E00B78B0C /* Assets.xcassets */; };
		55A0FDFB235EB70F00B78B0C /* iBox Watch.app in Embed Watch Content */ = {isa = PBXBuildFile; fileRef = 55A0FDDC235EB70900B78B0C /* iBox Watch.app */; settings = {ATTRIBUTES = (RemoveHeadersOnCopy, ); }; };
		55BBEF002325679200CDDE1A /* LevelOneTitlePageViewController.swift in Sources */ = {isa = PBXBuildFile; fileRef = 55BBEEFF2325679200CDDE1A /* LevelOneTitlePageViewController.swift */; };
		55BBEF022325681500CDDE1A /* LevelTwoTitlePageViewController.swift in Sources */ = {isa = PBXBuildFile; fileRef = 55BBEF012325681500CDDE1A /* LevelTwoTitlePageViewController.swift */; };
		55BBEF04232568D800CDDE1A /* LevelThreeTitlePageViewController.swift in Sources */ = {isa = PBXBuildFile; fileRef = 55BBEF03232568D800CDDE1A /* LevelThreeTitlePageViewController.swift */; };
		55BBEF06232568F900CDDE1A /* LevelThreeViewController.swift in Sources */ = {isa = PBXBuildFile; fileRef = 55BBEF05232568F900CDDE1A /* LevelThreeViewController.swift */; };
		55BBEF082325EB4B00CDDE1A /* 1.mp3 in Resources */ = {isa = PBXBuildFile; fileRef = 55BBEF072325EB4B00CDDE1A /* 1.mp3 */; };
		55BBEF122325EB6F00CDDE1A /* 3.mp3 in Resources */ = {isa = PBXBuildFile; fileRef = 55BBEF092325EB6E00CDDE1A /* 3.mp3 */; };
		55BBEF132325EB6F00CDDE1A /* 5.mp3 in Resources */ = {isa = PBXBuildFile; fileRef = 55BBEF0A2325EB6E00CDDE1A /* 5.mp3 */; };
		55BBEF142325EB6F00CDDE1A /* 2.mp3 in Resources */ = {isa = PBXBuildFile; fileRef = 55BBEF0B2325EB6E00CDDE1A /* 2.mp3 */; };
		55BBEF152325EB6F00CDDE1A /* 4.mp3 in Resources */ = {isa = PBXBuildFile; fileRef = 55BBEF0C2325EB6E00CDDE1A /* 4.mp3 */; };
		55BBEF162325EB6F00CDDE1A /* 6.mp3 in Resources */ = {isa = PBXBuildFile; fileRef = 55BBEF0D2325EB6E00CDDE1A /* 6.mp3 */; };
		55BBEF172325EB6F00CDDE1A /* 7.mp3 in Resources */ = {isa = PBXBuildFile; fileRef = 55BBEF0E2325EB6E00CDDE1A /* 7.mp3 */; };
		55BBEF182325EB6F00CDDE1A /* 8.mp3 in Resources */ = {isa = PBXBuildFile; fileRef = 55BBEF0F2325EB6E00CDDE1A /* 8.mp3 */; };
		55BBEF192325EB6F00CDDE1A /* 10.mp3 in Resources */ = {isa = PBXBuildFile; fileRef = 55BBEF102325EB6E00CDDE1A /* 10.mp3 */; };
		55BBEF1A2325EB6F00CDDE1A /* 9.mp3 in Resources */ = {isa = PBXBuildFile; fileRef = 55BBEF112325EB6F00CDDE1A /* 9.mp3 */; };
/* End PBXBuildFile section */

/* Begin PBXContainerItemProxy section */
		55A0FDEA235EB70E00B78B0C /* PBXContainerItemProxy */ = {
			isa = PBXContainerItemProxy;
			containerPortal = 5579699322E3A45E00CD4EC4 /* Project object */;
			proxyType = 1;
			remoteGlobalIDString = 55A0FDE7235EB70E00B78B0C;
			remoteInfo = "iBox Watch Extension";
		};
		55A0FDF9235EB70F00B78B0C /* PBXContainerItemProxy */ = {
			isa = PBXContainerItemProxy;
			containerPortal = 5579699322E3A45E00CD4EC4 /* Project object */;
			proxyType = 1;
			remoteGlobalIDString = 55A0FDDB235EB70900B78B0C;
			remoteInfo = "iBox Watch";
		};
/* End PBXContainerItemProxy section */

/* Begin PBXCopyFilesBuildPhase section */
		55A0FDFC235EB70F00B78B0C /* Embed Watch Content */ = {
			isa = PBXCopyFilesBuildPhase;
			buildActionMask = 2147483647;
			dstPath = "$(CONTENTS_FOLDER_PATH)/Watch";
			dstSubfolderSpec = 16;
			files = (
				55A0FDFB235EB70F00B78B0C /* iBox Watch.app in Embed Watch Content */,
			);
			name = "Embed Watch Content";
			runOnlyForDeploymentPostprocessing = 0;
		};
		55A0FDFF235EB70F00B78B0C /* Embed App Extensions */ = {
			isa = PBXCopyFilesBuildPhase;
			buildActionMask = 2147483647;
			dstPath = "";
			dstSubfolderSpec = 13;
			files = (
				55A0FDE9235EB70E00B78B0C /* iBox Watch Extension.appex in Embed App Extensions */,
			);
			name = "Embed App Extensions";
			runOnlyForDeploymentPostprocessing = 0;
		};
/* End PBXCopyFilesBuildPhase section */

/* Begin PBXFileReference section */
		557346CC2320A9DC00870D48 /* LevelTwoViewController.swift */ = {isa = PBXFileReference; lastKnownFileType = sourcecode.swift; path = LevelTwoViewController.swift; sourceTree = "<group>"; };
		5579699B22E3A45E00CD4EC4 /* iBox.app */ = {isa = PBXFileReference; explicitFileType = wrapper.application; includeInIndex = 0; path = iBox.app; sourceTree = BUILT_PRODUCTS_DIR; };
		5579699E22E3A45E00CD4EC4 /* AppDelegate.swift */ = {isa = PBXFileReference; lastKnownFileType = sourcecode.swift; path = AppDelegate.swift; sourceTree = "<group>"; };
		557969A022E3A45E00CD4EC4 /* LevelOneViewController.swift */ = {isa = PBXFileReference; lastKnownFileType = sourcecode.swift; path = LevelOneViewController.swift; sourceTree = "<group>"; };
		557969A322E3A45E00CD4EC4 /* Base */ = {isa = PBXFileReference; lastKnownFileType = file.storyboard; name = Base; path = Base.lproj/Main.storyboard; sourceTree = "<group>"; };
		557969A522E3A46000CD4EC4 /* Assets.xcassets */ = {isa = PBXFileReference; lastKnownFileType = folder.assetcatalog; path = Assets.xcassets; sourceTree = "<group>"; };
		557969A822E3A46000CD4EC4 /* Base */ = {isa = PBXFileReference; lastKnownFileType = file.storyboard; name = Base; path = Base.lproj/LaunchScreen.storyboard; sourceTree = "<group>"; };
		557969AA22E3A46000CD4EC4 /* Info.plist */ = {isa = PBXFileReference; lastKnownFileType = text.plist.xml; path = Info.plist; sourceTree = "<group>"; };
		55A0FDDC235EB70900B78B0C /* iBox Watch.app */ = {isa = PBXFileReference; explicitFileType = wrapper.application; includeInIndex = 0; path = "iBox Watch.app"; sourceTree = BUILT_PRODUCTS_DIR; };
		55A0FDDF235EB70A00B78B0C /* Base */ = {isa = PBXFileReference; lastKnownFileType = file.storyboard; name = Base; path = Base.lproj/Interface.storyboard; sourceTree = "<group>"; };
		55A0FDE1235EB70D00B78B0C /* Assets.xcassets */ = {isa = PBXFileReference; lastKnownFileType = folder.assetcatalog; path = Assets.xcassets; sourceTree = "<group>"; };
		55A0FDE3235EB70D00B78B0C /* Info.plist */ = {isa = PBXFileReference; lastKnownFileType = text.plist.xml; path = Info.plist; sourceTree = "<group>"; };
		55A0FDE8235EB70E00B78B0C /* iBox Watch Extension.appex */ = {isa = PBXFileReference; explicitFileType = "wrapper.app-extension"; includeInIndex = 0; path = "iBox Watch Extension.appex"; sourceTree = BUILT_PRODUCTS_DIR; };
		55A0FDED235EB70E00B78B0C /* InterfaceController.swift */ = {isa = PBXFileReference; lastKnownFileType = sourcecode.swift; path = InterfaceController.swift; sourceTree = "<group>"; };
		55A0FDEF235EB70E00B78B0C /* ExtensionDelegate.swift */ = {isa = PBXFileReference; lastKnownFileType = sourcecode.swift; path = ExtensionDelegate.swift; sourceTree = "<group>"; };
		55A0FDF1235EB70E00B78B0C /* NotificationController.swift */ = {isa = PBXFileReference; lastKnownFileType = sourcecode.swift; path = NotificationController.swift; sourceTree = "<group>"; };
		55A0FDF3235EB70E00B78B0C /* ComplicationController.swift */ = {isa = PBXFileReference; lastKnownFileType = sourcecode.swift; path = ComplicationController.swift; sourceTree = "<group>"; };
		55A0FDF5235EB70E00B78B0C /* Assets.xcassets */ = {isa = PBXFileReference; lastKnownFileType = folder.assetcatalog; path = Assets.xcassets; sourceTree = "<group>"; };
		55A0FDF7235EB70E00B78B0C /* Info.plist */ = {isa = PBXFileReference; lastKnownFileType = text.plist.xml; path = Info.plist; sourceTree = "<group>"; };
		55A0FDF8235EB70E00B78B0C /* PushNotificationPayload.apns */ = {isa = PBXFileReference; lastKnownFileType = text; path = PushNotificationPayload.apns; sourceTree = "<group>"; };
		55BBEEFF2325679200CDDE1A /* LevelOneTitlePageViewController.swift */ = {isa = PBXFileReference; lastKnownFileType = sourcecode.swift; path = LevelOneTitlePageViewController.swift; sourceTree = "<group>"; };
		55BBEF012325681500CDDE1A /* LevelTwoTitlePageViewController.swift */ = {isa = PBXFileReference; lastKnownFileType = sourcecode.swift; path = LevelTwoTitlePageViewController.swift; sourceTree = "<group>"; };
		55BBEF03232568D800CDDE1A /* LevelThreeTitlePageViewController.swift */ = {isa = PBXFileReference; lastKnownFileType = sourcecode.swift; path = LevelThreeTitlePageViewController.swift; sourceTree = "<group>"; };
		55BBEF05232568F900CDDE1A /* LevelThreeViewController.swift */ = {isa = PBXFileReference; lastKnownFileType = sourcecode.swift; path = LevelThreeViewController.swift; sourceTree = "<group>"; };
		55BBEF072325EB4B00CDDE1A /* 1.mp3 */ = {isa = PBXFileReference; lastKnownFileType = audio.mp3; path = 1.mp3; sourceTree = "<group>"; };
		55BBEF092325EB6E00CDDE1A /* 3.mp3 */ = {isa = PBXFileReference; lastKnownFileType = audio.mp3; path = 3.mp3; sourceTree = "<group>"; };
		55BBEF0A2325EB6E00CDDE1A /* 5.mp3 */ = {isa = PBXFileReference; lastKnownFileType = audio.mp3; path = 5.mp3; sourceTree = "<group>"; };
		55BBEF0B2325EB6E00CDDE1A /* 2.mp3 */ = {isa = PBXFileReference; lastKnownFileType = audio.mp3; path = 2.mp3; sourceTree = "<group>"; };
		55BBEF0C2325EB6E00CDDE1A /* 4.mp3 */ = {isa = PBXFileReference; lastKnownFileType = audio.mp3; path = 4.mp3; sourceTree = "<group>"; };
		55BBEF0D2325EB6E00CDDE1A /* 6.mp3 */ = {isa = PBXFileReference; lastKnownFileType = audio.mp3; path = 6.mp3; sourceTree = "<group>"; };
		55BBEF0E2325EB6E00CDDE1A /* 7.mp3 */ = {isa = PBXFileReference; lastKnownFileType = audio.mp3; path = 7.mp3; sourceTree = "<group>"; };
		55BBEF0F2325EB6E00CDDE1A /* 8.mp3 */ = {isa = PBXFileReference; lastKnownFileType = audio.mp3; path = 8.mp3; sourceTree = "<group>"; };
		55BBEF102325EB6E00CDDE1A /* 10.mp3 */ = {isa = PBXFileReference; lastKnownFileType = audio.mp3; path = 10.mp3; sourceTree = "<group>"; };
		55BBEF112325EB6F00CDDE1A /* 9.mp3 */ = {isa = PBXFileReference; lastKnownFileType = audio.mp3; path = 9.mp3; sourceTree = "<group>"; };
/* End PBXFileReference section */

/* Begin PBXFrameworksBuildPhase section */
		5579699822E3A45E00CD4EC4 /* Frameworks */ = {
			isa = PBXFrameworksBuildPhase;
			buildActionMask = 2147483647;
			files = (
			);
			runOnlyForDeploymentPostprocessing = 0;
		};
		55A0FDE5235EB70E00B78B0C /* Frameworks */ = {
			isa = PBXFrameworksBuildPhase;
			buildActionMask = 2147483647;
			files = (
			);
			runOnlyForDeploymentPostprocessing = 0;
		};
/* End PBXFrameworksBuildPhase section */

/* Begin PBXGroup section */
		5579699222E3A45E00CD4EC4 = {
			isa = PBXGroup;
			children = (
				5579699D22E3A45E00CD4EC4 /* iBox */,
				55A0FDDD235EB70900B78B0C /* iBox Watch */,
				55A0FDEC235EB70E00B78B0C /* iBox Watch Extension */,
				5579699C22E3A45E00CD4EC4 /* Products */,
			);
			sourceTree = "<group>";
		};
		5579699C22E3A45E00CD4EC4 /* Products */ = {
			isa = PBXGroup;
			children = (
				5579699B22E3A45E00CD4EC4 /* iBox.app */,
				55A0FDDC235EB70900B78B0C /* iBox Watch.app */,
				55A0FDE8235EB70E00B78B0C /* iBox Watch Extension.appex */,
			);
			name = Products;
			sourceTree = "<group>";
		};
		5579699D22E3A45E00CD4EC4 /* iBox */ = {
			isa = PBXGroup;
			children = (
				5579699E22E3A45E00CD4EC4 /* AppDelegate.swift */,
				557969A222E3A45E00CD4EC4 /* Main.storyboard */,
				55BBEEFF2325679200CDDE1A /* LevelOneTitlePageViewController.swift */,
				557969A022E3A45E00CD4EC4 /* LevelOneViewController.swift */,
				55BBEF012325681500CDDE1A /* LevelTwoTitlePageViewController.swift */,
				557346CC2320A9DC00870D48 /* LevelTwoViewController.swift */,
				55BBEF03232568D800CDDE1A /* LevelThreeTitlePageViewController.swift */,
				55BBEF05232568F900CDDE1A /* LevelThreeViewController.swift */,
				557969A522E3A46000CD4EC4 /* Assets.xcassets */,
				557969A722E3A46000CD4EC4 /* LaunchScreen.storyboard */,
				557969AA22E3A46000CD4EC4 /* Info.plist */,
				55BBEF072325EB4B00CDDE1A /* 1.mp3 */,
				55BBEF0B2325EB6E00CDDE1A /* 2.mp3 */,
				55BBEF092325EB6E00CDDE1A /* 3.mp3 */,
				55BBEF0C2325EB6E00CDDE1A /* 4.mp3 */,
				55BBEF0A2325EB6E00CDDE1A /* 5.mp3 */,
				55BBEF0D2325EB6E00CDDE1A /* 6.mp3 */,
				55BBEF0E2325EB6E00CDDE1A /* 7.mp3 */,
				55BBEF0F2325EB6E00CDDE1A /* 8.mp3 */,
				55BBEF112325EB6F00CDDE1A /* 9.mp3 */,
				55BBEF102325EB6E00CDDE1A /* 10.mp3 */,
			);
			path = iBox;
			sourceTree = "<group>";
		};
		55A0FDDD235EB70900B78B0C /* iBox Watch */ = {
			isa = PBXGroup;
			children = (
				55A0FDDE235EB70A00B78B0C /* Interface.storyboard */,
				55A0FDE1235EB70D00B78B0C /* Assets.xcassets */,
				55A0FDE3235EB70D00B78B0C /* Info.plist */,
			);
			path = "iBox Watch";
			sourceTree = "<group>";
		};
		55A0FDEC235EB70E00B78B0C /* iBox Watch Extension */ = {
			isa = PBXGroup;
			children = (
				55A0FDED235EB70E00B78B0C /* InterfaceController.swift */,
				55A0FDEF235EB70E00B78B0C /* ExtensionDelegate.swift */,
				55A0FDF1235EB70E00B78B0C /* NotificationController.swift */,
				55A0FDF3235EB70E00B78B0C /* ComplicationController.swift */,
				55A0FDF5235EB70E00B78B0C /* Assets.xcassets */,
				55A0FDF7235EB70E00B78B0C /* Info.plist */,
				55A0FDF8235EB70E00B78B0C /* PushNotificationPayload.apns */,
			);
			path = "iBox Watch Extension";
			sourceTree = "<group>";
		};
/* End PBXGroup section */

/* Begin PBXNativeTarget section */
		5579699A22E3A45E00CD4EC4 /* iBox */ = {
			isa = PBXNativeTarget;
			buildConfigurationList = 557969AD22E3A46000CD4EC4 /* Build configuration list for PBXNativeTarget "iBox" */;
			buildPhases = (
				5579699722E3A45E00CD4EC4 /* Sources */,
				5579699822E3A45E00CD4EC4 /* Frameworks */,
				5579699922E3A45E00CD4EC4 /* Resources */,
				55A0FDFC235EB70F00B78B0C /* Embed Watch Content */,
			);
			buildRules = (
			);
			dependencies = (
				55A0FDFA235EB70F00B78B0C /* PBXTargetDependency */,
			);
			name = iBox;
			productName = iBox;
			productReference = 5579699B22E3A45E00CD4EC4 /* iBox.app */;
			productType = "com.apple.product-type.application";
		};
		55A0FDDB235EB70900B78B0C /* iBox Watch */ = {
			isa = PBXNativeTarget;
			buildConfigurationList = 55A0FE03235EB70F00B78B0C /* Build configuration list for PBXNativeTarget "iBox Watch" */;
			buildPhases = (
				55A0FDDA235EB70900B78B0C /* Resources */,
				55A0FDFF235EB70F00B78B0C /* Embed App Extensions */,
			);
			buildRules = (
			);
			dependencies = (
				55A0FDEB235EB70E00B78B0C /* PBXTargetDependency */,
			);
			name = "iBox Watch";
			productName = "iBox Watch";
			productReference = 55A0FDDC235EB70900B78B0C /* iBox Watch.app */;
			productType = "com.apple.product-type.application.watchapp2";
		};
		55A0FDE7235EB70E00B78B0C /* iBox Watch Extension */ = {
			isa = PBXNativeTarget;
			buildConfigurationList = 55A0FE02235EB70F00B78B0C /* Build configuration list for PBXNativeTarget "iBox Watch Extension" */;
			buildPhases = (
				55A0FDE4235EB70E00B78B0C /* Sources */,
				55A0FDE5235EB70E00B78B0C /* Frameworks */,
				55A0FDE6235EB70E00B78B0C /* Resources */,
			);
			buildRules = (
			);
			dependencies = (
			);
			name = "iBox Watch Extension";
			productName = "iBox Watch Extension";
			productReference = 55A0FDE8235EB70E00B78B0C /* iBox Watch Extension.appex */;
			productType = "com.apple.product-type.watchkit2-extension";
		};
/* End PBXNativeTarget section */

/* Begin PBXProject section */
		5579699322E3A45E00CD4EC4 /* Project object */ = {
			isa = PBXProject;
			attributes = {
				LastSwiftUpdateCheck = 1110;
				LastUpgradeCheck = 1020;
				ORGANIZATIONNAME = MocaMatrol;
				TargetAttributes = {
					5579699A22E3A45E00CD4EC4 = {
						CreatedOnToolsVersion = 10.2.1;
					};
					55A0FDDB235EB70900B78B0C = {
						CreatedOnToolsVersion = 11.1;
					};
					55A0FDE7235EB70E00B78B0C = {
						CreatedOnToolsVersion = 11.1;
					};
				};
			};
			buildConfigurationList = 5579699622E3A45E00CD4EC4 /* Build configuration list for PBXProject "iBox" */;
			compatibilityVersion = "Xcode 9.3";
			developmentRegion = en;
			hasScannedForEncodings = 0;
			knownRegions = (
				en,
				Base,
			);
			mainGroup = 5579699222E3A45E00CD4EC4;
			productRefGroup = 5579699C22E3A45E00CD4EC4 /* Products */;
			projectDirPath = "";
			projectRoot = "";
			targets = (
				5579699A22E3A45E00CD4EC4 /* iBox */,
				55A0FDDB235EB70900B78B0C /* iBox Watch */,
				55A0FDE7235EB70E00B78B0C /* iBox Watch Extension */,
			);
		};
/* End PBXProject section */

/* Begin PBXResourcesBuildPhase section */
		5579699922E3A45E00CD4EC4 /* Resources */ = {
			isa = PBXResourcesBuildPhase;
			buildActionMask = 2147483647;
			files = (
				55BBEF182325EB6F00CDDE1A /* 8.mp3 in Resources */,
				55BBEF132325EB6F00CDDE1A /* 5.mp3 in Resources */,
				55BBEF122325EB6F00CDDE1A /* 3.mp3 in Resources */,
				55BBEF172325EB6F00CDDE1A /* 7.mp3 in Resources */,
				55BBEF082325EB4B00CDDE1A /* 1.mp3 in Resources */,
				55BBEF192325EB6F00CDDE1A /* 10.mp3 in Resources */,
				55BBEF162325EB6F00CDDE1A /* 6.mp3 in Resources */,
				55BBEF1A2325EB6F00CDDE1A /* 9.mp3 in Resources */,
				557969A922E3A46000CD4EC4 /* LaunchScreen.storyboard in Resources */,
				557969A622E3A46000CD4EC4 /* Assets.xcassets in Resources */,
				55BBEF142325EB6F00CDDE1A /* 2.mp3 in Resources */,
				557969A422E3A45E00CD4EC4 /* Main.storyboard in Resources */,
				55BBEF152325EB6F00CDDE1A /* 4.mp3 in Resources */,
			);
			runOnlyForDeploymentPostprocessing = 0;
		};
		55A0FDDA235EB70900B78B0C /* Resources */ = {
			isa = PBXResourcesBuildPhase;
			buildActionMask = 2147483647;
			files = (
				55A0FDE2235EB70D00B78B0C /* Assets.xcassets in Resources */,
				55A0FDE0235EB70A00B78B0C /* Interface.storyboard in Resources */,
			);
			runOnlyForDeploymentPostprocessing = 0;
		};
		55A0FDE6235EB70E00B78B0C /* Resources */ = {
			isa = PBXResourcesBuildPhase;
			buildActionMask = 2147483647;
			files = (
				55A0FDF6235EB70E00B78B0C /* Assets.xcassets in Resources */,
			);
			runOnlyForDeploymentPostprocessing = 0;
		};
/* End PBXResourcesBuildPhase section */

/* Begin PBXSourcesBuildPhase section */
		5579699722E3A45E00CD4EC4 /* Sources */ = {
			isa = PBXSourcesBuildPhase;
			buildActionMask = 2147483647;
			files = (
				55BBEF002325679200CDDE1A /* LevelOneTitlePageViewController.swift in Sources */,
				557969A122E3A45E00CD4EC4 /* LevelOneViewController.swift in Sources */,
				55BBEF04232568D800CDDE1A /* LevelThreeTitlePageViewController.swift in Sources */,
				557346CD2320A9DC00870D48 /* LevelTwoViewController.swift in Sources */,
				55BBEF06232568F900CDDE1A /* LevelThreeViewController.swift in Sources */,
				55BBEF022325681500CDDE1A /* LevelTwoTitlePageViewController.swift in Sources */,
				5579699F22E3A45E00CD4EC4 /* AppDelegate.swift in Sources */,
			);
			runOnlyForDeploymentPostprocessing = 0;
		};
		55A0FDE4235EB70E00B78B0C /* Sources */ = {
			isa = PBXSourcesBuildPhase;
			buildActionMask = 2147483647;
			files = (
				55A0FDF2235EB70E00B78B0C /* NotificationController.swift in Sources */,
				55A0FDF4235EB70E00B78B0C /* ComplicationController.swift in Sources */,
				55A0FDF0235EB70E00B78B0C /* ExtensionDelegate.swift in Sources */,
				55A0FDEE235EB70E00B78B0C /* InterfaceController.swift in Sources */,
			);
			runOnlyForDeploymentPostprocessing = 0;
		};
/* End PBXSourcesBuildPhase section */

/* Begin PBXTargetDependency section */
		55A0FDEB235EB70E00B78B0C /* PBXTargetDependency */ = {
			isa = PBXTargetDependency;
			target = 55A0FDE7235EB70E00B78B0C /* iBox Watch Extension */;
			targetProxy = 55A0FDEA235EB70E00B78B0C /* PBXContainerItemProxy */;
		};
		55A0FDFA235EB70F00B78B0C /* PBXTargetDependency */ = {
			isa = PBXTargetDependency;
			target = 55A0FDDB235EB70900B78B0C /* iBox Watch */;
			targetProxy = 55A0FDF9235EB70F00B78B0C /* PBXContainerItemProxy */;
		};
/* End PBXTargetDependency section */

/* Begin PBXVariantGroup section */
		557969A222E3A45E00CD4EC4 /* Main.storyboard */ = {
			isa = PBXVariantGroup;
			children = (
				557969A322E3A45E00CD4EC4 /* Base */,
			);
			name = Main.storyboard;
			sourceTree = "<group>";
		};
		557969A722E3A46000CD4EC4 /* LaunchScreen.storyboard */ = {
			isa = PBXVariantGroup;
			children = (
				557969A822E3A46000CD4EC4 /* Base */,
			);
			name = LaunchScreen.storyboard;
			sourceTree = "<group>";
		};
		55A0FDDE235EB70A00B78B0C /* Interface.storyboard */ = {
			isa = PBXVariantGroup;
			children = (
				55A0FDDF235EB70A00B78B0C /* Base */,
			);
			name = Interface.storyboard;
			sourceTree = "<group>";
		};
/* End PBXVariantGroup section */

/* Begin XCBuildConfiguration section */
		557969AB22E3A46000CD4EC4 /* Debug */ = {
			isa = XCBuildConfiguration;
			buildSettings = {
				ALWAYS_SEARCH_USER_PATHS = NO;
				CLANG_ANALYZER_NONNULL = YES;
				CLANG_ANALYZER_NUMBER_OBJECT_CONVERSION = YES_AGGRESSIVE;
				CLANG_CXX_LANGUAGE_STANDARD = "gnu++14";
				CLANG_CXX_LIBRARY = "libc++";
				CLANG_ENABLE_MODULES = YES;
				CLANG_ENABLE_OBJC_ARC = YES;
				CLANG_ENABLE_OBJC_WEAK = YES;
				CLANG_WARN_BLOCK_CAPTURE_AUTORELEASING = YES;
				CLANG_WARN_BOOL_CONVERSION = YES;
				CLANG_WARN_COMMA = YES;
				CLANG_WARN_CONSTANT_CONVERSION = YES;
				CLANG_WARN_DEPRECATED_OBJC_IMPLEMENTATIONS = YES;
				CLANG_WARN_DIRECT_OBJC_ISA_USAGE = YES_ERROR;
				CLANG_WARN_DOCUMENTATION_COMMENTS = YES;
				CLANG_WARN_EMPTY_BODY = YES;
				CLANG_WARN_ENUM_CONVERSION = YES;
				CLANG_WARN_INFINITE_RECURSION = YES;
				CLANG_WARN_INT_CONVERSION = YES;
				CLANG_WARN_NON_LITERAL_NULL_CONVERSION = YES;
				CLANG_WARN_OBJC_IMPLICIT_RETAIN_SELF = YES;
				CLANG_WARN_OBJC_LITERAL_CONVERSION = YES;
				CLANG_WARN_OBJC_ROOT_CLASS = YES_ERROR;
				CLANG_WARN_RANGE_LOOP_ANALYSIS = YES;
				CLANG_WARN_STRICT_PROTOTYPES = YES;
				CLANG_WARN_SUSPICIOUS_MOVE = YES;
				CLANG_WARN_UNGUARDED_AVAILABILITY = YES_AGGRESSIVE;
				CLANG_WARN_UNREACHABLE_CODE = YES;
				CLANG_WARN__DUPLICATE_METHOD_MATCH = YES;
				CODE_SIGN_IDENTITY = "iPhone Developer";
				COPY_PHASE_STRIP = NO;
				DEBUG_INFORMATION_FORMAT = dwarf;
				ENABLE_STRICT_OBJC_MSGSEND = YES;
				ENABLE_TESTABILITY = YES;
				GCC_C_LANGUAGE_STANDARD = gnu11;
				GCC_DYNAMIC_NO_PIC = NO;
				GCC_NO_COMMON_BLOCKS = YES;
				GCC_OPTIMIZATION_LEVEL = 0;
				GCC_PREPROCESSOR_DEFINITIONS = (
					"DEBUG=1",
					"$(inherited)",
				);
				GCC_WARN_64_TO_32_BIT_CONVERSION = YES;
				GCC_WARN_ABOUT_RETURN_TYPE = YES_ERROR;
				GCC_WARN_UNDECLARED_SELECTOR = YES;
				GCC_WARN_UNINITIALIZED_AUTOS = YES_AGGRESSIVE;
				GCC_WARN_UNUSED_FUNCTION = YES;
				GCC_WARN_UNUSED_VARIABLE = YES;
				IPHONEOS_DEPLOYMENT_TARGET = 12.2;
				MTL_ENABLE_DEBUG_INFO = INCLUDE_SOURCE;
				MTL_FAST_MATH = YES;
				ONLY_ACTIVE_ARCH = YES;
				SDKROOT = iphoneos;
				SWIFT_ACTIVE_COMPILATION_CONDITIONS = DEBUG;
				SWIFT_OPTIMIZATION_LEVEL = "-Onone";
			};
			name = Debug;
		};
		557969AC22E3A46000CD4EC4 /* Release */ = {
			isa = XCBuildConfiguration;
			buildSettings = {
				ALWAYS_SEARCH_USER_PATHS = NO;
				CLANG_ANALYZER_NONNULL = YES;
				CLANG_ANALYZER_NUMBER_OBJECT_CONVERSION = YES_AGGRESSIVE;
				CLANG_CXX_LANGUAGE_STANDARD = "gnu++14";
				CLANG_CXX_LIBRARY = "libc++";
				CLANG_ENABLE_MODULES = YES;
				CLANG_ENABLE_OBJC_ARC = YES;
				CLANG_ENABLE_OBJC_WEAK = YES;
				CLANG_WARN_BLOCK_CAPTURE_AUTORELEASING = YES;
				CLANG_WARN_BOOL_CONVERSION = YES;
				CLANG_WARN_COMMA = YES;
				CLANG_WARN_CONSTANT_CONVERSION = YES;
				CLANG_WARN_DEPRECATED_OBJC_IMPLEMENTATIONS = YES;
				CLANG_WARN_DIRECT_OBJC_ISA_USAGE = YES_ERROR;
				CLANG_WARN_DOCUMENTATION_COMMENTS = YES;
				CLANG_WARN_EMPTY_BODY = YES;
				CLANG_WARN_ENUM_CONVERSION = YES;
				CLANG_WARN_INFINITE_RECURSION = YES;
				CLANG_WARN_INT_CONVERSION = YES;
				CLANG_WARN_NON_LITERAL_NULL_CONVERSION = YES;
				CLANG_WARN_OBJC_IMPLICIT_RETAIN_SELF = YES;
				CLANG_WARN_OBJC_LITERAL_CONVERSION = YES;
				CLANG_WARN_OBJC_ROOT_CLASS = YES_ERROR;
				CLANG_WARN_RANGE_LOOP_ANALYSIS = YES;
				CLANG_WARN_STRICT_PROTOTYPES = YES;
				CLANG_WARN_SUSPICIOUS_MOVE = YES;
				CLANG_WARN_UNGUARDED_AVAILABILITY = YES_AGGRESSIVE;
				CLANG_WARN_UNREACHABLE_CODE = YES;
				CLANG_WARN__DUPLICATE_METHOD_MATCH = YES;
				CODE_SIGN_IDENTITY = "iPhone Developer";
				COPY_PHASE_STRIP = NO;
				DEBUG_INFORMATION_FORMAT = "dwarf-with-dsym";
				ENABLE_NS_ASSERTIONS = NO;
				ENABLE_STRICT_OBJC_MSGSEND = YES;
				GCC_C_LANGUAGE_STANDARD = gnu11;
				GCC_NO_COMMON_BLOCKS = YES;
				GCC_WARN_64_TO_32_BIT_CONVERSION = YES;
				GCC_WARN_ABOUT_RETURN_TYPE = YES_ERROR;
				GCC_WARN_UNDECLARED_SELECTOR = YES;
				GCC_WARN_UNINITIALIZED_AUTOS = YES_AGGRESSIVE;
				GCC_WARN_UNUSED_FUNCTION = YES;
				GCC_WARN_UNUSED_VARIABLE = YES;
				IPHONEOS_DEPLOYMENT_TARGET = 12.2;
				MTL_ENABLE_DEBUG_INFO = NO;
				MTL_FAST_MATH = YES;
				SDKROOT = iphoneos;
				SWIFT_COMPILATION_MODE = wholemodule;
				SWIFT_OPTIMIZATION_LEVEL = "-O";
				VALIDATE_PRODUCT = YES;
			};
			name = Release;
		};
		557969AE22E3A46000CD4EC4 /* Debug */ = {
			isa = XCBuildConfiguration;
			buildSettings = {
				ASSETCATALOG_COMPILER_APPICON_NAME = AppIcon;
				CODE_SIGN_STYLE = Automatic;
				DEVELOPMENT_TEAM = 6U2E2NDVS3;
				INFOPLIST_FILE = iBox/Info.plist;
				IPHONEOS_DEPLOYMENT_TARGET = 10.3;
				LD_RUNPATH_SEARCH_PATHS = (
					"$(inherited)",
					"@executable_path/Frameworks",
				);
				PRODUCT_BUNDLE_IDENTIFIER = com.vividpicture.iBox;
				PRODUCT_NAME = "$(TARGET_NAME)";
				SWIFT_VERSION = 5.0;
				TARGETED_DEVICE_FAMILY = "1,2";
			};
			name = Debug;
		};
		557969AF22E3A46000CD4EC4 /* Release */ = {
			isa = XCBuildConfiguration;
			buildSettings = {
				ASSETCATALOG_COMPILER_APPICON_NAME = AppIcon;
				CODE_SIGN_STYLE = Automatic;
				DEVELOPMENT_TEAM = 6U2E2NDVS3;
				INFOPLIST_FILE = iBox/Info.plist;
				IPHONEOS_DEPLOYMENT_TARGET = 10.3;
				LD_RUNPATH_SEARCH_PATHS = (
					"$(inherited)",
					"@executable_path/Frameworks",
				);
				PRODUCT_BUNDLE_IDENTIFIER = com.vividpicture.iBox;
				PRODUCT_NAME = "$(TARGET_NAME)";
				SWIFT_VERSION = 5.0;
				TARGETED_DEVICE_FAMILY = "1,2";
			};
			name = Release;
		};
		55A0FDFD235EB70F00B78B0C /* Debug */ = {
			isa = XCBuildConfiguration;
			buildSettings = {
				ALWAYS_EMBED_SWIFT_STANDARD_LIBRARIES = YES;
				ASSETCATALOG_COMPILER_APPICON_NAME = AppIcon;
				CODE_SIGN_STYLE = Automatic;
				DEVELOPMENT_TEAM = 6U2E2NDVS3;
				IBSC_MODULE = iBox_Watch_Extension;
				INFOPLIST_FILE = "iBox Watch/Info.plist";
				PRODUCT_BUNDLE_IDENTIFIER = com.vividpicture.iBox.watchkitapp;
				PRODUCT_NAME = "$(TARGET_NAME)";
				SDKROOT = watchos;
				SKIP_INSTALL = YES;
				SWIFT_VERSION = 5.0;
				TARGETED_DEVICE_FAMILY = 4;
				WATCHOS_DEPLOYMENT_TARGET = 4.3;
			};
			name = Debug;
		};
		55A0FDFE235EB70F00B78B0C /* Release */ = {
			isa = XCBuildConfiguration;
			buildSettings = {
				ALWAYS_EMBED_SWIFT_STANDARD_LIBRARIES = YES;
				ASSETCATALOG_COMPILER_APPICON_NAME = AppIcon;
				CODE_SIGN_STYLE = Automatic;
				DEVELOPMENT_TEAM = 6U2E2NDVS3;
				IBSC_MODULE = iBox_Watch_Extension;
				INFOPLIST_FILE = "iBox Watch/Info.plist";
				PRODUCT_BUNDLE_IDENTIFIER = com.vividpicture.iBox.watchkitapp;
				PRODUCT_NAME = "$(TARGET_NAME)";
				SDKROOT = watchos;
				SKIP_INSTALL = YES;
				SWIFT_VERSION = 5.0;
				TARGETED_DEVICE_FAMILY = 4;
				WATCHOS_DEPLOYMENT_TARGET = 4.3;
			};
			name = Release;
		};
		55A0FE00235EB70F00B78B0C /* Debug */ = {
			isa = XCBuildConfiguration;
			buildSettings = {
				ASSETCATALOG_COMPILER_COMPLICATION_NAME = Complication;
				CODE_SIGN_STYLE = Automatic;
				DEVELOPMENT_TEAM = 6U2E2NDVS3;
				INFOPLIST_FILE = "iBox Watch Extension/Info.plist";
				LD_RUNPATH_SEARCH_PATHS = (
					"$(inherited)",
					"@executable_path/Frameworks",
					"@executable_path/../../Frameworks",
				);
				PRODUCT_BUNDLE_IDENTIFIER = com.vividpicture.iBox.watchkitapp.watchkitextension;
				PRODUCT_NAME = "${TARGET_NAME}";
				SDKROOT = watchos;
				SKIP_INSTALL = YES;
				SWIFT_VERSION = 5.0;
				TARGETED_DEVICE_FAMILY = 4;
				WATCHOS_DEPLOYMENT_TARGET = 4.3;
			};
			name = Debug;
		};
		55A0FE01235EB70F00B78B0C /* Release */ = {
			isa = XCBuildConfiguration;
			buildSettings = {
				ASSETCATALOG_COMPILER_COMPLICATION_NAME = Complication;
				CODE_SIGN_STYLE = Automatic;
				DEVELOPMENT_TEAM = 6U2E2NDVS3;
				INFOPLIST_FILE = "iBox Watch Extension/Info.plist";
				LD_RUNPATH_SEARCH_PATHS = (
					"$(inherited)",
					"@executable_path/Frameworks",
					"@executable_path/../../Frameworks",
				);
				PRODUCT_BUNDLE_IDENTIFIER = com.vividpicture.iBox.watchkitapp.watchkitextension;
				PRODUCT_NAME = "${TARGET_NAME}";
				SDKROOT = watchos;
				SKIP_INSTALL = YES;
				SWIFT_VERSION = 5.0;
				TARGETED_DEVICE_FAMILY = 4;
				WATCHOS_DEPLOYMENT_TARGET = 4.3;
			};
			name = Release;
		};
/* End XCBuildConfiguration section */

/* Begin XCConfigurationList section */
		5579699622E3A45E00CD4EC4 /* Build configuration list for PBXProject "iBox" */ = {
			isa = XCConfigurationList;
			buildConfigurations = (
				557969AB22E3A46000CD4EC4 /* Debug */,
				557969AC22E3A46000CD4EC4 /* Release */,
			);
			defaultConfigurationIsVisible = 0;
			defaultConfigurationName = Release;
		};
		557969AD22E3A46000CD4EC4 /* Build configuration list for PBXNativeTarget "iBox" */ = {
			isa = XCConfigurationList;
			buildConfigurations = (
				557969AE22E3A46000CD4EC4 /* Debug */,
				557969AF22E3A46000CD4EC4 /* Release */,
			);
			defaultConfigurationIsVisible = 0;
			defaultConfigurationName = Release;
		};
		55A0FE02235EB70F00B78B0C /* Build configuration list for PBXNativeTarget "iBox Watch Extension" */ = {
			isa = XCConfigurationList;
			buildConfigurations = (
				55A0FE00235EB70F00B78B0C /* Debug */,
				55A0FE01235EB70F00B78B0C /* Release */,
			);
			defaultConfigurationIsVisible = 0;
			defaultConfigurationName = Release;
		};
		55A0FE03235EB70F00B78B0C /* Build configuration list for PBXNativeTarget "iBox Watch" */ = {
			isa = XCConfigurationList;
			buildConfigurations = (
				55A0FDFD235EB70F00B78B0C /* Debug */,
				55A0FDFE235EB70F00B78B0C /* Release */,
			);
			defaultConfigurationIsVisible = 0;
			defaultConfigurationName = Release;
		};
/* End XCConfigurationList section */
	};
	rootObject = 5579699322E3A45E00CD4EC4 /* Project object */;
}
